
Microsoft Visual Studio Solution File, Format Version 12.00
# Visual Studio Version 17
VisualStudioVersion = 17.1.32407.343
MinimumVisualStudioVersion = 10.0.40219.1
Project("{2150E333-8FDC-42A3-9474-1A3956D46DE8}") = "samples", "samples", "{2D1D450E-4B8F-4891-9A19-33F571044844}"
EndProject
Project("{8BC9CEB8-8B4A-11D0-8D11-00A0C91BC942}") = "StreamBitmapRenderer", "StreamBitmapRenderer\StreamBitmapRenderer.vcxproj", "{CEE14399-7352-4DCF-976C-AAC03DF563F7}"
EndProject
Project("{8BC9CEB8-8B4A-11D0-8D11-00A0C91BC942}") = "Mp4Recorder", "Mp4Recorder\Mp4Recorder.vcxproj", "{2573105D-14D6-4A83-B05A-0CDB5693EE96}"
EndProject
Project("{8BC9CEB8-8B4A-11D0-8D11-00A0C91BC942}") = "RandomBitmapDisplay", "samples\RandomBitmapDisplay\RandomBitmapDisplay.vcxproj", "{62060D00-FA0A-41DF-9F7E-A40597734064}"
EndProject
Project("{8BC9CEB8-8B4A-11D0-8D11-00A0C91BC942}") = "SimpeMemoryToMP4", "samples\SimpeMemoryToMP4\SimpeMemoryToMP4.vcxproj", "{E0D6A48E-EF3D-41FC-8B69-BB129735C749}"
EndProject
Project("{8BC9CEB8-8B4A-11D0-8D11-00A0C91BC942}") = "SentechCameraCore", "SentechCameraCore\SentechCameraCore.vcxproj", "{71FA765F-F8AD-44BE-A0F4-51654AE85F76}"
EndProject
Project("{FAE04EC0-301F-11D3-BF4B-00C04F79EFBC}") = "SentechCameraCoreWPF", "SentechCameraCoreWPF\SentechCameraCoreWPF.csproj", "{F456ECA9-6538-4482-9D3F-E402EF8AEB33}"
EndProject
Project("{FAE04EC0-301F-11D3-BF4B-00C04F79EFBC}") = "SimpleCameraStreamerWPF", "..\samples\CameraRenderCore\SimpleCameraStreamerWPF\SimpleCameraStreamerWPF.csproj", "{B46980D8-AC45-49F5-B5BB-40ADE15F483F}"
EndProject
Global
	GlobalSection(SolutionConfigurationPlatforms) = preSolution
		Debug|Any CPU = Debug|Any CPU
		Debug|x64 = Debug|x64
		Debug|x86 = Debug|x86
		Release|Any CPU = Release|Any CPU
		Release|x64 = Release|x64
		Release|x86 = Release|x86
	EndGlobalSection
	GlobalSection(ProjectConfigurationPlatforms) = postSolution
		{CEE14399-7352-4DCF-976C-AAC03DF563F7}.Debug|Any CPU.ActiveCfg = Debug|x64
		{CEE14399-7352-4DCF-976C-AAC03DF563F7}.Debug|Any CPU.Build.0 = Debug|x64
		{CEE14399-7352-4DCF-976C-AAC03DF563F7}.Debug|x64.ActiveCfg = Debug|x64
		{CEE14399-7352-4DCF-976C-AAC03DF563F7}.Debug|x64.Build.0 = Debug|x64
		{CEE14399-7352-4DCF-976C-AAC03DF563F7}.Debug|x86.ActiveCfg = Debug|Win32
		{CEE14399-7352-4DCF-976C-AAC03DF563F7}.Debug|x86.Build.0 = Debug|Win32
		{CEE14399-7352-4DCF-976C-AAC03DF563F7}.Release|Any CPU.ActiveCfg = Release|x64
		{CEE14399-7352-4DCF-976C-AAC03DF563F7}.Release|Any CPU.Build.0 = Release|x64
		{CEE14399-7352-4DCF-976C-AAC03DF563F7}.Release|x64.ActiveCfg = Release|x64
		{CEE14399-7352-4DCF-976C-AAC03DF563F7}.Release|x64.Build.0 = Release|x64
		{CEE14399-7352-4DCF-976C-AAC03DF563F7}.Release|x86.ActiveCfg = Release|Win32
		{CEE14399-7352-4DCF-976C-AAC03DF563F7}.Release|x86.Build.0 = Release|Win32
		{2573105D-14D6-4A83-B05A-0CDB5693EE96}.Debug|Any CPU.ActiveCfg = Debug|x64
		{2573105D-14D6-4A83-B05A-0CDB5693EE96}.Debug|Any CPU.Build.0 = Debug|x64
		{2573105D-14D6-4A83-B05A-0CDB5693EE96}.Debug|x64.ActiveCfg = Debug|x64
		{2573105D-14D6-4A83-B05A-0CDB5693EE96}.Debug|x64.Build.0 = Debug|x64
		{2573105D-14D6-4A83-B05A-0CDB5693EE96}.Debug|x86.ActiveCfg = Debug|Win32
		{2573105D-14D6-4A83-B05A-0CDB5693EE96}.Debug|x86.Build.0 = Debug|Win32
		{2573105D-14D6-4A83-B05A-0CDB5693EE96}.Release|Any CPU.ActiveCfg = Release|x64
		{2573105D-14D6-4A83-B05A-0CDB5693EE96}.Release|Any CPU.Build.0 = Release|x64
		{2573105D-14D6-4A83-B05A-0CDB5693EE96}.Release|x64.ActiveCfg = Release|x64
		{2573105D-14D6-4A83-B05A-0CDB5693EE96}.Release|x64.Build.0 = Release|x64
		{2573105D-14D6-4A83-B05A-0CDB5693EE96}.Release|x86.ActiveCfg = Release|Win32
		{2573105D-14D6-4A83-B05A-0CDB5693EE96}.Release|x86.Build.0 = Release|Win32
		{62060D00-FA0A-41DF-9F7E-A40597734064}.Debug|Any CPU.ActiveCfg = Debug|x64
		{62060D00-FA0A-41DF-9F7E-A40597734064}.Debug|Any CPU.Build.0 = Debug|x64
		{62060D00-FA0A-41DF-9F7E-A40597734064}.Debug|x64.ActiveCfg = Debug|x64
		{62060D00-FA0A-41DF-9F7E-A40597734064}.Debug|x64.Build.0 = Debug|x64
		{62060D00-FA0A-41DF-9F7E-A40597734064}.Debug|x86.ActiveCfg = Debug|Win32
		{62060D00-FA0A-41DF-9F7E-A40597734064}.Debug|x86.Build.0 = Debug|Win32
		{62060D00-FA0A-41DF-9F7E-A40597734064}.Release|Any CPU.ActiveCfg = Release|x64
		{62060D00-FA0A-41DF-9F7E-A40597734064}.Release|Any CPU.Build.0 = Release|x64
		{62060D00-FA0A-41DF-9F7E-A40597734064}.Release|x64.ActiveCfg = Release|x64
		{62060D00-FA0A-41DF-9F7E-A40597734064}.Release|x64.Build.0 = Release|x64
		{62060D00-FA0A-41DF-9F7E-A40597734064}.Release|x86.ActiveCfg = Release|Win32
		{62060D00-FA0A-41DF-9F7E-A40597734064}.Release|x86.Build.0 = Release|Win32
		{E0D6A48E-EF3D-41FC-8B69-BB129735C749}.Debug|Any CPU.ActiveCfg = Debug|x64
		{E0D6A48E-EF3D-41FC-8B69-BB129735C749}.Debug|Any CPU.Build.0 = Debug|x64
		{E0D6A48E-EF3D-41FC-8B69-BB129735C749}.Debug|x64.ActiveCfg = Debug|x64
		{E0D6A48E-EF3D-41FC-8B69-BB129735C749}.Debug|x64.Build.0 = Debug|x64
		{E0D6A48E-EF3D-41FC-8B69-BB129735C749}.Debug|x86.ActiveCfg = Debug|Win32
		{E0D6A48E-EF3D-41FC-8B69-BB129735C749}.Debug|x86.Build.0 = Debug|Win32
		{E0D6A48E-EF3D-41FC-8B69-BB129735C749}.Release|Any CPU.ActiveCfg = Release|x64
		{E0D6A48E-EF3D-41FC-8B69-BB129735C749}.Release|Any CPU.Build.0 = Release|x64
		{E0D6A48E-EF3D-41FC-8B69-BB129735C749}.Release|x64.ActiveCfg = Release|x64
		{E0D6A48E-EF3D-41FC-8B69-BB129735C749}.Release|x64.Build.0 = Release|x64
		{E0D6A48E-EF3D-41FC-8B69-BB129735C749}.Release|x86.ActiveCfg = Release|Win32
		{E0D6A48E-EF3D-41FC-8B69-BB129735C749}.Release|x86.Build.0 = Release|Win32
		{71FA765F-F8AD-44BE-A0F4-51654AE85F76}.Debug|Any CPU.ActiveCfg = Debug|x64
		{71FA765F-F8AD-44BE-A0F4-51654AE85F76}.Debug|Any CPU.Build.0 = Debug|x64
		{71FA765F-F8AD-44BE-A0F4-51654AE85F76}.Debug|x64.ActiveCfg = Debug|x64
		{71FA765F-F8AD-44BE-A0F4-51654AE85F76}.Debug|x64.Build.0 = Debug|x64
		{71FA765F-F8AD-44BE-A0F4-51654AE85F76}.Debug|x86.ActiveCfg = Debug|Win32
		{71FA765F-F8AD-44BE-A0F4-51654AE85F76}.Debug|x86.Build.0 = Debug|Win32
		{71FA765F-F8AD-44BE-A0F4-51654AE85F76}.Release|Any CPU.ActiveCfg = Release|x64
		{71FA765F-F8AD-44BE-A0F4-51654AE85F76}.Release|Any CPU.Build.0 = Release|x64
		{71FA765F-F8AD-44BE-A0F4-51654AE85F76}.Release|x64.ActiveCfg = Release|x64
		{71FA765F-F8AD-44BE-A0F4-51654AE85F76}.Release|x64.Build.0 = Release|x64
		{71FA765F-F8AD-44BE-A0F4-51654AE85F76}.Release|x86.ActiveCfg = Release|Win32
		{71FA765F-F8AD-44BE-A0F4-51654AE85F76}.Release|x86.Build.0 = Release|Win32
		{F456ECA9-6538-4482-9D3F-E402EF8AEB33}.Debug|Any CPU.ActiveCfg = Debug|Any CPU
		{F456ECA9-6538-4482-9D3F-E402EF8AEB33}.Debug|Any CPU.Build.0 = Debug|Any CPU
		{F456ECA9-6538-4482-9D3F-E402EF8AEB33}.Debug|x64.ActiveCfg = Debug|Any CPU
		{F456ECA9-6538-4482-9D3F-E402EF8AEB33}.Debug|x64.Build.0 = Debug|Any CPU
		{F456ECA9-6538-4482-9D3F-E402EF8AEB33}.Debug|x86.ActiveCfg = Debug|Any CPU
		{F456ECA9-6538-4482-9D3F-E402EF8AEB33}.Debug|x86.Build.0 = Debug|Any CPU
		{F456ECA9-6538-4482-9D3F-E402EF8AEB33}.Release|Any CPU.ActiveCfg = Release|Any CPU
		{F456ECA9-6538-4482-9D3F-E402EF8AEB33}.Release|Any CPU.Build.0 = Release|Any CPU
		{F456ECA9-6538-4482-9D3F-E402EF8AEB33}.Release|x64.ActiveCfg = Release|Any CPU
		{F456ECA9-6538-4482-9D3F-E402EF8AEB33}.Release|x64.Build.0 = Release|Any CPU
		{F456ECA9-6538-4482-9D3F-E402EF8AEB33}.Release|x86.ActiveCfg = Release|Any CPU
		{F456ECA9-6538-4482-9D3F-E402EF8AEB33}.Release|x86.Build.0 = Release|Any CPU
		{B46980D8-AC45-49F5-B5BB-40ADE15F483F}.Debug|Any CPU.ActiveCfg = Debug|Any CPU
		{B46980D8-AC45-49F5-B5BB-40ADE15F483F}.Debug|Any CPU.Build.0 = Debug|Any CPU
		{B46980D8-AC45-49F5-B5BB-40ADE15F483F}.Debug|x64.ActiveCfg = Debug|Any CPU
		{B46980D8-AC45-49F5-B5BB-40ADE15F483F}.Debug|x64.Build.0 = Debug|Any CPU
		{B46980D8-AC45-49F5-B5BB-40ADE15F483F}.Debug|x86.ActiveCfg = Debug|Any CPU
		{B46980D8-AC45-49F5-B5BB-40ADE15F483F}.Debug|x86.Build.0 = Debug|Any CPU
		{B46980D8-AC45-49F5-B5BB-40ADE15F483F}.Release|Any CPU.ActiveCfg = Release|Any CPU
		{B46980D8-AC45-49F5-B5BB-40ADE15F483F}.Release|Any CPU.Build.0 = Release|Any CPU
		{B46980D8-AC45-49F5-B5BB-40ADE15F483F}.Release|x64.ActiveCfg = Release|Any CPU
		{B46980D8-AC45-49F5-B5BB-40ADE15F483F}.Release|x64.Build.0 = Release|Any CPU
		{B46980D8-AC45-49F5-B5BB-40ADE15F483F}.Release|x86.ActiveCfg = Release|Any CPU
		{B46980D8-AC45-49F5-B5BB-40ADE15F483F}.Release|x86.Build.0 = Release|Any CPU
	EndGlobalSection
	GlobalSection(SolutionProperties) = preSolution
		HideSolutionNode = FALSE
	EndGlobalSection
	GlobalSection(NestedProjects) = preSolution
		{62060D00-FA0A-41DF-9F7E-A40597734064} = {2D1D450E-4B8F-4891-9A19-33F571044844}
		{E0D6A48E-EF3D-41FC-8B69-BB129735C749} = {2D1D450E-4B8F-4891-9A19-33F571044844}
		{B46980D8-AC45-49F5-B5BB-40ADE15F483F} = {2D1D450E-4B8F-4891-9A19-33F571044844}
	EndGlobalSection
	GlobalSection(ExtensibilityGlobals) = postSolution
		SolutionGuid = {2A6AE8D3-91FF-45B1-A7B3-A5298DBEA70A}
	EndGlobalSection
EndGlobal
